// !$*UTF8*$!
{
	archiveVersion = 1;
	classes = {
	};
	objectVersion = 46;
	objects = {

/* Begin PBXBuildFile section */
		50869B30B0AF016031298BA9 /* Pods_WhatsTheWeather.framework in Frameworks */ = {isa = PBXBuildFile; fileRef = B37172F27444A4146A420683 /* Pods_WhatsTheWeather.framework */; };
		C242CFEC1DD5F4BA0041D9DA /* AppDelegate.swift in Sources */ = {isa = PBXBuildFile; fileRef = C242CFEB1DD5F4BA0041D9DA /* AppDelegate.swift */; };
		C242CFEE1DD5F4BA0041D9DA /* ViewController.swift in Sources */ = {isa = PBXBuildFile; fileRef = C242CFED1DD5F4BA0041D9DA /* ViewController.swift */; };
		C242CFF11DD5F4BA0041D9DA /* Main.storyboard in Resources */ = {isa = PBXBuildFile; fileRef = C242CFEF1DD5F4BA0041D9DA /* Main.storyboard */; };
		C242CFF31DD5F4BA0041D9DA /* Assets.xcassets in Resources */ = {isa = PBXBuildFile; fileRef = C242CFF21DD5F4BA0041D9DA /* Assets.xcassets */; };
		C242CFF61DD5F4BA0041D9DA /* LaunchScreen.storyboard in Resources */ = {isa = PBXBuildFile; fileRef = C242CFF41DD5F4BA0041D9DA /* LaunchScreen.storyboard */; };
/* End PBXBuildFile section */

/* Begin PBXFileReference section */
		683668CDE01F9AFB73A90A8B /* Pods-WhatsTheWeather.release.xcconfig */ = {isa = PBXFileReference; includeInIndex = 1; lastKnownFileType = text.xcconfig; name = "Pods-WhatsTheWeather.release.xcconfig"; path = "Pods/Target Support Files/Pods-WhatsTheWeather/Pods-WhatsTheWeather.release.xcconfig"; sourceTree = "<group>"; };
		B37172F27444A4146A420683 /* Pods_WhatsTheWeather.framework */ = {isa = PBXFileReference; explicitFileType = wrapper.framework; includeInIndex = 0; path = Pods_WhatsTheWeather.framework; sourceTree = BUILT_PRODUCTS_DIR; };
		C242CFE81DD5F4BA0041D9DA /* WhatsTheWeather.app */ = {isa = PBXFileReference; explicitFileType = wrapper.application; includeInIndex = 0; path = WhatsTheWeather.app; sourceTree = BUILT_PRODUCTS_DIR; };
		C242CFEB1DD5F4BA0041D9DA /* AppDelegate.swift */ = {isa = PBXFileReference; lastKnownFileType = sourcecode.swift; path = AppDelegate.swift; sourceTree = "<group>"; };
		C242CFED1DD5F4BA0041D9DA /* ViewController.swift */ = {isa = PBXFileReference; lastKnownFileType = sourcecode.swift; path = ViewController.swift; sourceTree = "<group>"; };
		C242CFF01DD5F4BA0041D9DA /* Base */ = {isa = PBXFileReference; lastKnownFileType = file.storyboard; name = Base; path = Base.lproj/Main.storyboard; sourceTree = "<group>"; };
		C242CFF21DD5F4BA0041D9DA /* Assets.xcassets */ = {isa = PBXFileReference; lastKnownFileType = folder.assetcatalog; path = Assets.xcassets; sourceTree = "<group>"; };
		C242CFF51DD5F4BA0041D9DA /* Base */ = {isa = PBXFileReference; lastKnownFileType = file.storyboard; name = Base; path = Base.lproj/LaunchScreen.storyboard; sourceTree = "<group>"; };
		C242CFF71DD5F4BA0041D9DA /* Info.plist */ = {isa = PBXFileReference; lastKnownFileType = text.plist.xml; path = Info.plist; sourceTree = "<group>"; };
		F0C16E85A4624DB8D3CBD4D9 /* Pods-WhatsTheWeather.debug.xcconfig */ = {isa = PBXFileReference; includeInIndex = 1; lastKnownFileType = text.xcconfig; name = "Pods-WhatsTheWeather.debug.xcconfig"; path = "Pods/Target Support Files/Pods-WhatsTheWeather/Pods-WhatsTheWeather.debug.xcconfig"; sourceTree = "<group>"; };
/* End PBXFileReference section */

/* Begin PBXFrameworksBuildPhase section */
		C242CFE51DD5F4BA0041D9DA /* Frameworks */ = {
			isa = PBXFrameworksBuildPhase;
			buildActionMask = 2147483647;
			files = (
				50869B30B0AF016031298BA9 /* Pods_WhatsTheWeather.framework in Frameworks */,
			);
			runOnlyForDeploymentPostprocessing = 0;
		};
/* End PBXFrameworksBuildPhase section */

/* Begin PBXGroup section */
		0D29B14BBF10935F0294D452 /* Frameworks */ = {
			isa = PBXGroup;
			children = (
				B37172F27444A4146A420683 /* Pods_WhatsTheWeather.framework */,
			);
			name = Frameworks;
			sourceTree = "<group>";
		};
		C242CFDF1DD5F4BA0041D9DA = {
			isa = PBXGroup;
			children = (
				C242CFEA1DD5F4BA0041D9DA /* WhatsTheWeather */,
				C242CFE91DD5F4BA0041D9DA /* Products */,
				E29A8EBD161E3B442B6EC8F4 /* Pods */,
				0D29B14BBF10935F0294D452 /* Frameworks */,
			);
			sourceTree = "<group>";
		};
		C242CFE91DD5F4BA0041D9DA /* Products */ = {
			isa = PBXGroup;
			children = (
				C242CFE81DD5F4BA0041D9DA /* WhatsTheWeather.app */,
			);
			name = Products;
			sourceTree = "<group>";
		};
		C242CFEA1DD5F4BA0041D9DA /* WhatsTheWeather */ = {
			isa = PBXGroup;
			children = (
				C242CFEB1DD5F4BA0041D9DA /* AppDelegate.swift */,
				C242CFED1DD5F4BA0041D9DA /* ViewController.swift */,
				C242CFEF1DD5F4BA0041D9DA /* Main.storyboard */,
				C242CFF21DD5F4BA0041D9DA /* Assets.xcassets */,
				C242CFF41DD5F4BA0041D9DA /* LaunchScreen.storyboard */,
				C242CFF71DD5F4BA0041D9DA /* Info.plist */,
			);
			path = WhatsTheWeather;
			sourceTree = "<group>";
		};
		E29A8EBD161E3B442B6EC8F4 /* Pods */ = {
			isa = PBXGroup;
			children = (
				F0C16E85A4624DB8D3CBD4D9 /* Pods-WhatsTheWeather.debug.xcconfig */,
				683668CDE01F9AFB73A90A8B /* Pods-WhatsTheWeather.release.xcconfig */,
			);
			name = Pods;
			sourceTree = "<group>";
		};
/* End PBXGroup section */

/* Begin PBXNativeTarget section */
		C242CFE71DD5F4BA0041D9DA /* WhatsTheWeather */ = {
			isa = PBXNativeTarget;
			buildConfigurationList = C242CFFA1DD5F4BA0041D9DA /* Build configuration list for PBXNativeTarget "WhatsTheWeather" */;
			buildPhases = (
				EC8709EC752BAAFB8F334644 /* [CP] Check Pods Manifest.lock */,
				C242CFE41DD5F4BA0041D9DA /* Sources */,
				C242CFE51DD5F4BA0041D9DA /* Frameworks */,
				C242CFE61DD5F4BA0041D9DA /* Resources */,
				EB7FE6B66B3D8C20BB297460 /* [CP] Embed Pods Frameworks */,
				9A6FBE53FA510CDA2D2373C3 /* [CP] Copy Pods Resources */,
			);
			buildRules = (
			);
			dependencies = (
			);
			name = WhatsTheWeather;
			productName = WhatsTheWeather;
			productReference = C242CFE81DD5F4BA0041D9DA /* WhatsTheWeather.app */;
			productType = "com.apple.product-type.application";
		};
/* End PBXNativeTarget section */

/* Begin PBXProject section */
		C242CFE01DD5F4BA0041D9DA /* Project object */ = {
			isa = PBXProject;
			attributes = {
				LastSwiftUpdateCheck = 0810;
				LastUpgradeCheck = 0810;
				ORGANIZATIONNAME = "Katja Hollaar";
				TargetAttributes = {
					C242CFE71DD5F4BA0041D9DA = {
						CreatedOnToolsVersion = 8.1;
						DevelopmentTeam = DFQ6DAEJ92;
						ProvisioningStyle = Automatic;
					};
				};
			};
			buildConfigurationList = C242CFE31DD5F4BA0041D9DA /* Build configuration list for PBXProject "WhatsTheWeather" */;
			compatibilityVersion = "Xcode 3.2";
			developmentRegion = English;
			hasScannedForEncodings = 0;
			knownRegions = (
				en,
				Base,
			);
			mainGroup = C242CFDF1DD5F4BA0041D9DA;
			productRefGroup = C242CFE91DD5F4BA0041D9DA /* Products */;
			projectDirPath = "";
			projectRoot = "";
			targets = (
				C242CFE71DD5F4BA0041D9DA /* WhatsTheWeather */,
			);
		};
/* End PBXProject section */

/* Begin PBXResourcesBuildPhase section */
		C242CFE61DD5F4BA0041D9DA /* Resources */ = {
			isa = PBXResourcesBuildPhase;
			buildActionMask = 2147483647;
			files = (
				C242CFF61DD5F4BA0041D9DA /* LaunchScreen.storyboard in Resources */,
				C242CFF31DD5F4BA0041D9DA /* Assets.xcassets in Resources */,
				C242CFF11DD5F4BA0041D9DA /* Main.storyboard in Resources */,
			);
			runOnlyForDeploymentPostprocessing = 0;
		};
/* End PBXResourcesBuildPhase section */

/* Begin PBXShellScriptBuildPhase section */
		9A6FBE53FA510CDA2D2373C3 /* [CP] Copy Pods Resources */ = {
			isa = PBXShellScriptBuildPhase;
			buildActionMask = 2147483647;
			files = (
			);
			inputPaths = (
			);
			name = "[CP] Copy Pods Resources";
			outputPaths = (
			);
			runOnlyForDeploymentPostprocessing = 0;
			shellPath = /bin/sh;
			shellScript = "\"${SRCROOT}/Pods/Target Support Files/Pods-WhatsTheWeather/Pods-WhatsTheWeather-resources.sh\"\n";
			showEnvVarsInLog = 0;
		};
		EB7FE6B66B3D8C20BB297460 /* [CP] Embed Pods Frameworks */ = {
			isa = PBXShellScriptBuildPhase;
			buildActionMask = 2147483647;
			files = (
			);
			inputPaths = (
			);
			name = "[CP] Embed Pods Frameworks";
			outputPaths = (
			);
			runOnlyForDeploymentPostprocessing = 0;
			shellPath = /bin/sh;
			shellScript = "\"${SRCROOT}/Pods/Target Support Files/Pods-WhatsTheWeather/Pods-WhatsTheWeather-frameworks.sh\"\n";
			showEnvVarsInLog = 0;
		};
		EC8709EC752BAAFB8F334644 /* [CP] Check Pods Manifest.lock */ = {
			isa = PBXShellScriptBuildPhase;
			buildActionMask = 2147483647;
			files = (
			);
			inputPaths = (
			);
			name = "[CP] Check Pods Manifest.lock";
			outputPaths = (
			);
			runOnlyForDeploymentPostprocessing = 0;
			shellPath = /bin/sh;
			shellScript = "diff \"${PODS_ROOT}/../Podfile.lock\" \"${PODS_ROOT}/Manifest.lock\" > /dev/null\nif [ $? != 0 ] ; then\n    # print error to STDERR\n    echo \"error: The sandbox is not in sync with the Podfile.lock. Run 'pod install' or update your CocoaPods installation.\" >&2\n    exit 1\nfi\n";
			showEnvVarsInLog = 0;
		};
/* End PBXShellScriptBuildPhase section */

/* Begin PBXSourcesBuildPhase section */
		C242CFE41DD5F4BA0041D9DA /* Sources */ = {
			isa = PBXSourcesBuildPhase;
			buildActionMask = 2147483647;
			files = (
				C242CFEE1DD5F4BA0041D9DA /* ViewController.swift in Sources */,
				C242CFEC1DD5F4BA0041D9DA /* AppDelegate.swift in Sources */,
			);
			runOnlyForDeploymentPostprocessing = 0;
		};
/* End PBXSourcesBuildPhase section */

/* Begin PBXVariantGroup section */
		C242CFEF1DD5F4BA0041D9DA /* Main.storyboard */ = {
			isa = PBXVariantGroup;
			children = (
				C242CFF01DD5F4BA0041D9DA /* Base */,
			);
			name = Main.storyboard;
			sourceTree = "<group>";
		};
		C242CFF41DD5F4BA0041D9DA /* LaunchScreen.storyboard */ = {
			isa = PBXVariantGroup;
			children = (
				C242CFF51DD5F4BA0041D9DA /* Base */,
			);
			name = LaunchScreen.storyboard;
			sourceTree = "<group>";
		};
/* End PBXVariantGroup section */

/* Begin XCBuildConfiguration section */
		C242CFF81DD5F4BA0041D9DA /* Debug */ = {
			isa = XCBuildConfiguration;
			buildSettings = {
				ALWAYS_SEARCH_USER_PATHS = NO;
				CLANG_ANALYZER_NONNULL = YES;
				CLANG_CXX_LANGUAGE_STANDARD = "gnu++0x";
				CLANG_CXX_LIBRARY = "libc++";
				CLANG_ENABLE_MODULES = YES;
				CLANG_ENABLE_OBJC_ARC = YES;
				CLANG_WARN_BOOL_CONVERSION = YES;
				CLANG_WARN_CONSTANT_CONVERSION = YES;
				CLANG_WARN_DIRECT_OBJC_ISA_USAGE = YES_ERROR;
				CLANG_WARN_DOCUMENTATION_COMMENTS = YES;
				CLANG_WARN_EMPTY_BODY = YES;
				CLANG_WARN_ENUM_CONVERSION = YES;
				CLANG_WARN_INFINITE_RECURSION = YES;
				CLANG_WARN_INT_CONVERSION = YES;
				CLANG_WARN_OBJC_ROOT_CLASS = YES_ERROR;
				CLANG_WARN_SUSPICIOUS_MOVES = YES;
				CLANG_WARN_UNREACHABLE_CODE = YES;
				CLANG_WARN__DUPLICATE_METHOD_MATCH = YES;
				"CODE_SIGN_IDENTITY[sdk=iphoneos*]" = "iPhone Developer";
				COPY_PHASE_STRIP = NO;
				DEBUG_INFORMATION_FORMAT = dwarf;
				ENABLE_STRICT_OBJC_MSGSEND = YES;
				ENABLE_TESTABILITY = YES;
				GCC_C_LANGUAGE_STANDARD = gnu99;
				GCC_DYNAMIC_NO_PIC = NO;
				GCC_NO_COMMON_BLOCKS = YES;
				GCC_OPTIMIZATION_LEVEL = 0;
				GCC_PREPROCESSOR_DEFINITIONS = (
					"DEBUG=1",
					"$(inherited)",
				);
				GCC_WARN_64_TO_32_BIT_CONVERSION = YES;
				GCC_WARN_ABOUT_RETURN_TYPE = YES_ERROR;
				GCC_WARN_UNDECLARED_SELECTOR = YES;
				GCC_WARN_UNINITIALIZED_AUTOS = YES_AGGRESSIVE;
				GCC_WARN_UNUSED_FUNCTION = YES;
				GCC_WARN_UNUSED_VARIABLE = YES;
				IPHONEOS_DEPLOYMENT_TARGET = 10.1;
				MTL_ENABLE_DEBUG_INFO = YES;
				ONLY_ACTIVE_ARCH = YES;
				SDKROOT = iphoneos;
				SWIFT_ACTIVE_COMPILATION_CONDITIONS = DEBUG;
				SWIFT_OPTIMIZATION_LEVEL = "-Onone";
				TARGETED_DEVICE_FAMILY = "1,2";
			};
			name = Debug;
		};
		C242CFF91DD5F4BA0041D9DA /* Release */ = {
			isa = XCBuildConfiguration;
			buildSettings = {
				ALWAYS_SEARCH_USER_PATHS = NO;
				CLANG_ANALYZER_NONNULL = YES;
				CLANG_CXX_LANGUAGE_STANDARD = "gnu++0x";
				CLANG_CXX_LIBRARY = "libc++";
				CLANG_ENABLE_MODULES = YES;
				CLANG_ENABLE_OBJC_ARC = YES;
				CLANG_WARN_BOOL_CONVERSION = YES;
				CLANG_WARN_CONSTANT_CONVERSION = YES;
				CLANG_WARN_DIRECT_OBJC_ISA_USAGE = YES_ERROR;
				CLANG_WARN_DOCUMENTATION_COMMENTS = YES;
				CLANG_WARN_EMPTY_BODY = YES;
				CLANG_WARN_ENUM_CONVERSION = YES;
				CLANG_WARN_INFINITE_RECURSION = YES;
				CLANG_WARN_INT_CONVERSION = YES;
				CLANG_WARN_OBJC_ROOT_CLASS = YES_ERROR;
				CLANG_WARN_SUSPICIOUS_MOVES = YES;
				CLANG_WARN_UNREACHABLE_CODE = YES;
				CLANG_WARN__DUPLICATE_METHOD_MATCH = YES;
				"CODE_SIGN_IDENTITY[sdk=iphoneos*]" = "iPhone Developer";
				COPY_PHASE_STRIP = NO;
				DEBUG_INFORMATION_FORMAT = "dwarf-with-dsym";
				ENABLE_NS_ASSERTIONS = NO;
				ENABLE_STRICT_OBJC_MSGSEND = YES;
				GCC_C_LANGUAGE_STANDARD = gnu99;
				GCC_NO_COMMON_BLOCKS = YES;
				GCC_WARN_64_TO_32_BIT_CONVERSION = YES;
				GCC_WARN_ABOUT_RETURN_TYPE = YES_ERROR;
				GCC_WARN_UNDECLARED_SELECTOR = YES;
				GCC_WARN_UNINITIALIZED_AUTOS = YES_AGGRESSIVE;
				GCC_WARN_UNUSED_FUNCTION = YES;
				GCC_WARN_UNUSED_VARIABLE = YES;
				IPHONEOS_DEPLOYMENT_TARGET = 10.1;
				MTL_ENABLE_DEBUG_INFO = NO;
				SDKROOT = iphoneos;
				SWIFT_OPTIMIZATION_LEVEL = "-Owholemodule";
				TARGETED_DEVICE_FAMILY = "1,2";
				VALIDATE_PRODUCT = YES;
			};
			name = Release;
		};
		C242CFFB1DD5F4BA0041D9DA /* Debug */ = {
			isa = XCBuildConfiguration;
			baseConfigurationReference = F0C16E85A4624DB8D3CBD4D9 /* Pods-WhatsTheWeather.debug.xcconfig */;
			buildSettings = {
				ASSETCATALOG_COMPILER_APPICON_NAME = AppIcon;
				DEVELOPMENT_TEAM = DFQ6DAEJ92;
				INFOPLIST_FILE = WhatsTheWeather/Info.plist;
				LD_RUNPATH_SEARCH_PATHS = "$(inherited) @executable_path/Frameworks";
				PRODUCT_BUNDLE_IDENTIFIER = course.WhatsTheWeather;
				PRODUCT_NAME = "$(TARGET_NAME)";
				SWIFT_VERSION = 3.0;
			};
			name = Debug;
		};
		C242CFFC1DD5F4BA0041D9DA /* Release */ = {
			isa = XCBuildConfiguration;
			baseConfigurationReference = 683668CDE01F9AFB73A90A8B /* Pods-WhatsTheWeather.release.xcconfig */;
			buildSettings = {
				ASSETCATALOG_COMPILER_APPICON_NAME = AppIcon;
				DEVELOPMENT_TEAM = DFQ6DAEJ92;
				INFOPLIST_FILE = WhatsTheWeather/Info.plist;
				LD_RUNPATH_SEARCH_PATHS = "$(inherited) @executable_path/Frameworks";
				PRODUCT_BUNDLE_IDENTIFIER = course.WhatsTheWeather;
				PRODUCT_NAME = "$(TARGET_NAME)";
				SWIFT_VERSION = 3.0;
			};
			name = Release;
		};
/* End XCBuildConfiguration section */

/* Begin XCConfigurationList section */
		C242CFE31DD5F4BA0041D9DA /* Build configuration list for PBXProject "WhatsTheWeather" */ = {
			isa = XCConfigurationList;
			buildConfigurations = (
				C242CFF81DD5F4BA0041D9DA /* Debug */,
				C242CFF91DD5F4BA0041D9DA /* Release */,
			);
			defaultConfigurationIsVisible = 0;
			defaultConfigurationName = Release;
		};
		C242CFFA1DD5F4BA0041D9DA /* Build configuration list for PBXNativeTarget "WhatsTheWeather" */ = {
			isa = XCConfigurationList;
			buildConfigurations = (
				C242CFFB1DD5F4BA0041D9DA /* Debug */,
				C242CFFC1DD5F4BA0041D9DA /* Release */,
			);
			defaultConfigurationIsVisible = 0;
		};
/* End XCConfigurationList section */
	};
	rootObject = C242CFE01DD5F4BA0041D9DA /* Project object */;
}
